// !$*UTF8*$!
{
	archiveVersion = 1;
	classes = {
	};
	objectVersion = 51;
	objects = {

/* Begin PBXBuildFile section */
		6B335C2C23980F5D0041FA37 /* Assets.xcassets in Resources */ = {isa = PBXBuildFile; fileRef = 6B335C2B23980F5D0041FA37 /* Assets.xcassets */; };
		6B3FDB4023A9409800D31EC1 /* FactsRowsTableViewCellViewModel.swift in Sources */ = {isa = PBXBuildFile; fileRef = 6B3FDB3E23A9409800D31EC1 /* FactsRowsTableViewCellViewModel.swift */; };
		6B3FDB4123A9409800D31EC1 /* FactsViewModel.swift in Sources */ = {isa = PBXBuildFile; fileRef = 6B3FDB3F23A9409800D31EC1 /* FactsViewModel.swift */; };
		6B3FDB4323A940E200D31EC1 /* UIViewController+MBProgressHud.swift in Sources */ = {isa = PBXBuildFile; fileRef = 6B3FDB4223A940E200D31EC1 /* UIViewController+MBProgressHud.swift */; };
		6B4A22B923982AB000A247B8 /* WiproTaskTests.swift in Sources */ = {isa = PBXBuildFile; fileRef = 6B4A22B823982AB000A247B8 /* WiproTaskTests.swift */; };
		6B4A22D22398455D00A247B8 /* Reachability.swift in Sources */ = {isa = PBXBuildFile; fileRef = 6B4A22D12398455D00A247B8 /* Reachability.swift */; };
		6B4A22D623984B4800A247B8 /* NoDataAvaiableTableViewCell.swift in Sources */ = {isa = PBXBuildFile; fileRef = 6B4A22D523984B4800A247B8 /* NoDataAvaiableTableViewCell.swift */; };
		6BD116E22396C98C005F7A4E /* AppDelegate.swift in Sources */ = {isa = PBXBuildFile; fileRef = 6BD116E12396C98C005F7A4E /* AppDelegate.swift */; };
		6BD116E42396C98C005F7A4E /* FactsViewController.swift in Sources */ = {isa = PBXBuildFile; fileRef = 6BD116E32396C98C005F7A4E /* FactsViewController.swift */; };
		6BD116EF2396C991005F7A4E /* LaunchScreen.storyboard in Resources */ = {isa = PBXBuildFile; fileRef = 6BD116ED2396C991005F7A4E /* LaunchScreen.storyboard */; };
		6BD1171A2396CB31005F7A4E /* APIHelper.swift in Sources */ = {isa = PBXBuildFile; fileRef = 6BD117192396CB31005F7A4E /* APIHelper.swift */; };
		6BD1171C2396CBA7005F7A4E /* Constants.swift in Sources */ = {isa = PBXBuildFile; fileRef = 6BD1171B2396CBA7005F7A4E /* Constants.swift */; };
		6BD1171E2396CD81005F7A4E /* Facts.swift in Sources */ = {isa = PBXBuildFile; fileRef = 6BD1171D2396CD81005F7A4E /* Facts.swift */; };
		6BD117202396CE03005F7A4E /* UIViewController+Expentions.swift in Sources */ = {isa = PBXBuildFile; fileRef = 6BD1171F2396CE03005F7A4E /* UIViewController+Expentions.swift */; };
		6BD117222396E3F3005F7A4E /* FactsRowsTableViewCell.swift in Sources */ = {isa = PBXBuildFile; fileRef = 6BD117212396E3F3005F7A4E /* FactsRowsTableViewCell.swift */; };
		6BFCCDF423995E6E006BA177 /* NetworkTests.swift in Sources */ = {isa = PBXBuildFile; fileRef = 6BFCCDF323995E6E006BA177 /* NetworkTests.swift */; };
		8A95A343B84134902C94D143 /* Pods_WiproTask.framework in Frameworks */ = {isa = PBXBuildFile; fileRef = D185AA5CFCBAAFBC9A3EF864 /* Pods_WiproTask.framework */; };
/* End PBXBuildFile section */

/* Begin PBXContainerItemProxy section */
		6B4A22BB23982AB000A247B8 /* PBXContainerItemProxy */ = {
			isa = PBXContainerItemProxy;
			containerPortal = 6BD116D62396C98C005F7A4E /* Project object */;
			proxyType = 1;
			remoteGlobalIDString = 6BD116DD2396C98C005F7A4E;
			remoteInfo = WiproTask;
		};
/* End PBXContainerItemProxy section */

/* Begin PBXFileReference section */
		5B1A5BB9CAD9D35F5BC6D674 /* Pods-WiproTask.release.xcconfig */ = {isa = PBXFileReference; includeInIndex = 1; lastKnownFileType = text.xcconfig; name = "Pods-WiproTask.release.xcconfig"; path = "Target Support Files/Pods-WiproTask/Pods-WiproTask.release.xcconfig"; sourceTree = "<group>"; };
		6B335C2B23980F5D0041FA37 /* Assets.xcassets */ = {isa = PBXFileReference; lastKnownFileType = folder.assetcatalog; path = Assets.xcassets; sourceTree = "<group>"; };
		6B3FDB3E23A9409800D31EC1 /* FactsRowsTableViewCellViewModel.swift */ = {isa = PBXFileReference; fileEncoding = 4; lastKnownFileType = sourcecode.swift; path = FactsRowsTableViewCellViewModel.swift; sourceTree = "<group>"; };
		6B3FDB3F23A9409800D31EC1 /* FactsViewModel.swift */ = {isa = PBXFileReference; fileEncoding = 4; lastKnownFileType = sourcecode.swift; path = FactsViewModel.swift; sourceTree = "<group>"; };
		6B3FDB4223A940E200D31EC1 /* UIViewController+MBProgressHud.swift */ = {isa = PBXFileReference; fileEncoding = 4; lastKnownFileType = sourcecode.swift; path = "UIViewController+MBProgressHud.swift"; sourceTree = "<group>"; };
		6B4A22B623982AB000A247B8 /* WiproTaskTests.xctest */ = {isa = PBXFileReference; explicitFileType = wrapper.cfbundle; includeInIndex = 0; path = WiproTaskTests.xctest; sourceTree = BUILT_PRODUCTS_DIR; };
		6B4A22B823982AB000A247B8 /* WiproTaskTests.swift */ = {isa = PBXFileReference; lastKnownFileType = sourcecode.swift; path = WiproTaskTests.swift; sourceTree = "<group>"; };
		6B4A22BA23982AB000A247B8 /* Info.plist */ = {isa = PBXFileReference; lastKnownFileType = text.plist.xml; path = Info.plist; sourceTree = "<group>"; };
		6B4A22D12398455D00A247B8 /* Reachability.swift */ = {isa = PBXFileReference; fileEncoding = 4; lastKnownFileType = sourcecode.swift; path = Reachability.swift; sourceTree = "<group>"; };
		6B4A22D523984B4800A247B8 /* NoDataAvaiableTableViewCell.swift */ = {isa = PBXFileReference; fileEncoding = 4; lastKnownFileType = sourcecode.swift; path = NoDataAvaiableTableViewCell.swift; sourceTree = "<group>"; };
		6BD116DE2396C98C005F7A4E /* WiproTask.app */ = {isa = PBXFileReference; explicitFileType = wrapper.application; includeInIndex = 0; path = WiproTask.app; sourceTree = BUILT_PRODUCTS_DIR; };
		6BD116E12396C98C005F7A4E /* AppDelegate.swift */ = {isa = PBXFileReference; lastKnownFileType = sourcecode.swift; path = AppDelegate.swift; sourceTree = "<group>"; };
		6BD116E32396C98C005F7A4E /* FactsViewController.swift */ = {isa = PBXFileReference; lastKnownFileType = sourcecode.swift; path = FactsViewController.swift; sourceTree = "<group>"; };
		6BD116EE2396C991005F7A4E /* Base */ = {isa = PBXFileReference; lastKnownFileType = file.storyboard; name = Base; path = Base.lproj/LaunchScreen.storyboard; sourceTree = "<group>"; };
		6BD116F02396C991005F7A4E /* Info.plist */ = {isa = PBXFileReference; lastKnownFileType = text.plist.xml; path = Info.plist; sourceTree = "<group>"; };
		6BD117192396CB31005F7A4E /* APIHelper.swift */ = {isa = PBXFileReference; lastKnownFileType = sourcecode.swift; path = APIHelper.swift; sourceTree = "<group>"; };
		6BD1171B2396CBA7005F7A4E /* Constants.swift */ = {isa = PBXFileReference; lastKnownFileType = sourcecode.swift; path = Constants.swift; sourceTree = "<group>"; };
		6BD1171D2396CD81005F7A4E /* Facts.swift */ = {isa = PBXFileReference; lastKnownFileType = sourcecode.swift; path = Facts.swift; sourceTree = "<group>"; };
		6BD1171F2396CE03005F7A4E /* UIViewController+Expentions.swift */ = {isa = PBXFileReference; lastKnownFileType = sourcecode.swift; path = "UIViewController+Expentions.swift"; sourceTree = "<group>"; };
		6BD117212396E3F3005F7A4E /* FactsRowsTableViewCell.swift */ = {isa = PBXFileReference; lastKnownFileType = sourcecode.swift; path = FactsRowsTableViewCell.swift; sourceTree = "<group>"; };
		6BFCCDF323995E6E006BA177 /* NetworkTests.swift */ = {isa = PBXFileReference; fileEncoding = 4; lastKnownFileType = sourcecode.swift; path = NetworkTests.swift; sourceTree = "<group>"; };
		D185AA5CFCBAAFBC9A3EF864 /* Pods_WiproTask.framework */ = {isa = PBXFileReference; explicitFileType = wrapper.framework; includeInIndex = 0; path = Pods_WiproTask.framework; sourceTree = BUILT_PRODUCTS_DIR; };
		D9900E85CAD890FAC18FA63C /* Pods-WiproTask.debug.xcconfig */ = {isa = PBXFileReference; includeInIndex = 1; lastKnownFileType = text.xcconfig; name = "Pods-WiproTask.debug.xcconfig"; path = "Target Support Files/Pods-WiproTask/Pods-WiproTask.debug.xcconfig"; sourceTree = "<group>"; };
/* End PBXFileReference section */

/* Begin PBXFrameworksBuildPhase section */
		6B4A22B323982AB000A247B8 /* Frameworks */ = {
			isa = PBXFrameworksBuildPhase;
			buildActionMask = 2147483647;
			files = (
			);
			runOnlyForDeploymentPostprocessing = 0;
		};
		6BD116DB2396C98C005F7A4E /* Frameworks */ = {
			isa = PBXFrameworksBuildPhase;
			buildActionMask = 2147483647;
			files = (
				8A95A343B84134902C94D143 /* Pods_WiproTask.framework in Frameworks */,
			);
			runOnlyForDeploymentPostprocessing = 0;
		};
/* End PBXFrameworksBuildPhase section */

/* Begin PBXGroup section */
		207005AC4CF7400B1BE9DD42 /* Frameworks */ = {
			isa = PBXGroup;
			children = (
				D185AA5CFCBAAFBC9A3EF864 /* Pods_WiproTask.framework */,
			);
			name = Frameworks;
			sourceTree = "<group>";
		};
		6B335C2A239808C60041FA37 /* TableViewCells */ = {
			isa = PBXGroup;
			children = (
				6BD117212396E3F3005F7A4E /* FactsRowsTableViewCell.swift */,
				6B4A22D523984B4800A247B8 /* NoDataAvaiableTableViewCell.swift */,
			);
			path = TableViewCells;
			sourceTree = "<group>";
		};
		6B3FDB3D23A9409800D31EC1 /* ViewModel */ = {
			isa = PBXGroup;
			children = (
				6B3FDB3F23A9409800D31EC1 /* FactsViewModel.swift */,
				6B3FDB3E23A9409800D31EC1 /* FactsRowsTableViewCellViewModel.swift */,
			);
			path = ViewModel;
			sourceTree = "<group>";
		};
		6B4A22B723982AB000A247B8 /* WiproTaskTests */ = {
			isa = PBXGroup;
			children = (
				6B4A22B823982AB000A247B8 /* WiproTaskTests.swift */,
				6BFCCDF323995E6E006BA177 /* NetworkTests.swift */,
				6B4A22BA23982AB000A247B8 /* Info.plist */,
			);
			path = WiproTaskTests;
			sourceTree = "<group>";
		};
		6BD116D52396C98C005F7A4E = {
			isa = PBXGroup;
			children = (
				6BD116E02396C98C005F7A4E /* WiproTask */,
				6B4A22B723982AB000A247B8 /* WiproTaskTests */,
				6BD116DF2396C98C005F7A4E /* Products */,
				F8CCCCFDDFAA7549409FAB9D /* Pods */,
				207005AC4CF7400B1BE9DD42 /* Frameworks */,
			);
			sourceTree = "<group>";
		};
		6BD116DF2396C98C005F7A4E /* Products */ = {
			isa = PBXGroup;
			children = (
				6BD116DE2396C98C005F7A4E /* WiproTask.app */,
				6B4A22B623982AB000A247B8 /* WiproTaskTests.xctest */,
			);
			name = Products;
			sourceTree = "<group>";
		};
		6BD116E02396C98C005F7A4E /* WiproTask */ = {
			isa = PBXGroup;
			children = (
				6BD116ED2396C991005F7A4E /* LaunchScreen.storyboard */,
				6B335C2B23980F5D0041FA37 /* Assets.xcassets */,
				6BD116E12396C98C005F7A4E /* AppDelegate.swift */,
				6BD117262396FC6D005F7A4E /* Model */,
				6BD117252396FC60005F7A4E /* View */,
				6B3FDB3D23A9409800D31EC1 /* ViewModel */,
				6BD117232396FC32005F7A4E /* Helper */,
				6BD117242396FC3D005F7A4E /* Extenstions */,
				6BD116F02396C991005F7A4E /* Info.plist */,
			);
			path = WiproTask;
			sourceTree = "<group>";
		};
		6BD117232396FC32005F7A4E /* Helper */ = {
			isa = PBXGroup;
			children = (
				6BD117192396CB31005F7A4E /* APIHelper.swift */,
				6BD1171B2396CBA7005F7A4E /* Constants.swift */,
				6B4A22D12398455D00A247B8 /* Reachability.swift */,
			);
			path = Helper;
			sourceTree = "<group>";
		};
		6BD117242396FC3D005F7A4E /* Extenstions */ = {
			isa = PBXGroup;
			children = (
				6BD1171F2396CE03005F7A4E /* UIViewController+Expentions.swift */,
				6B3FDB4223A940E200D31EC1 /* UIViewController+MBProgressHud.swift */,
			);
			path = Extenstions;
			sourceTree = "<group>";
		};
		6BD117252396FC60005F7A4E /* View */ = {
			isa = PBXGroup;
			children = (
				6BD116E32396C98C005F7A4E /* FactsViewController.swift */,
				6B335C2A239808C60041FA37 /* TableViewCells */,
			);
			path = View;
			sourceTree = "<group>";
		};
		6BD117262396FC6D005F7A4E /* Model */ = {
			isa = PBXGroup;
			children = (
				6BD1171D2396CD81005F7A4E /* Facts.swift */,
			);
			path = Model;
			sourceTree = "<group>";
		};
		F8CCCCFDDFAA7549409FAB9D /* Pods */ = {
			isa = PBXGroup;
			children = (
				D9900E85CAD890FAC18FA63C /* Pods-WiproTask.debug.xcconfig */,
				5B1A5BB9CAD9D35F5BC6D674 /* Pods-WiproTask.release.xcconfig */,
			);
			path = Pods;
			sourceTree = "<group>";
		};
/* End PBXGroup section */

/* Begin PBXNativeTarget section */
		6B4A22B523982AB000A247B8 /* WiproTaskTests */ = {
			isa = PBXNativeTarget;
			buildConfigurationList = 6B4A22BF23982AB000A247B8 /* Build configuration list for PBXNativeTarget "WiproTaskTests" */;
			buildPhases = (
				6B4A22B223982AB000A247B8 /* Sources */,
				6B4A22B323982AB000A247B8 /* Frameworks */,
				6B4A22B423982AB000A247B8 /* Resources */,
			);
			buildRules = (
			);
			dependencies = (
				6B4A22BC23982AB000A247B8 /* PBXTargetDependency */,
			);
			name = WiproTaskTests;
			productName = WiproTaskTests;
			productReference = 6B4A22B623982AB000A247B8 /* WiproTaskTests.xctest */;
			productType = "com.apple.product-type.bundle.unit-test";
		};
		6BD116DD2396C98C005F7A4E /* WiproTask */ = {
			isa = PBXNativeTarget;
			buildConfigurationList = 6BD116F32396C991005F7A4E /* Build configuration list for PBXNativeTarget "WiproTask" */;
			buildPhases = (
				0F98415FA4986AC4020D1747 /* [CP] Check Pods Manifest.lock */,
				6BD116DA2396C98C005F7A4E /* Sources */,
				6BD116DB2396C98C005F7A4E /* Frameworks */,
				6BD116DC2396C98C005F7A4E /* Resources */,
				2CF047A42E7FBC036AFDB04B /* [CP] Embed Pods Frameworks */,
			);
			buildRules = (
			);
			dependencies = (
			);
			name = WiproTask;
			productName = WiproTask;
			productReference = 6BD116DE2396C98C005F7A4E /* WiproTask.app */;
			productType = "com.apple.product-type.application";
		};
/* End PBXNativeTarget section */

/* Begin PBXProject section */
		6BD116D62396C98C005F7A4E /* Project object */ = {
			isa = PBXProject;
			attributes = {
				LastSwiftUpdateCheck = 1030;
				LastUpgradeCheck = 1030;
				ORGANIZATIONNAME = dayakar;
				TargetAttributes = {
					6B4A22B523982AB000A247B8 = {
						CreatedOnToolsVersion = 10.3;
						TestTargetID = 6BD116DD2396C98C005F7A4E;
					};
					6BD116DD2396C98C005F7A4E = {
						CreatedOnToolsVersion = 10.3;
					};
				};
			};
			buildConfigurationList = 6BD116D92396C98C005F7A4E /* Build configuration list for PBXProject "WiproTask" */;
			compatibilityVersion = "Xcode 9.3";
			developmentRegion = en;
			hasScannedForEncodings = 0;
			knownRegions = (
				en,
				Base,
			);
			mainGroup = 6BD116D52396C98C005F7A4E;
			productRefGroup = 6BD116DF2396C98C005F7A4E /* Products */;
			projectDirPath = "";
			projectRoot = "";
			targets = (
				6BD116DD2396C98C005F7A4E /* WiproTask */,
				6B4A22B523982AB000A247B8 /* WiproTaskTests */,
			);
		};
/* End PBXProject section */

/* Begin PBXResourcesBuildPhase section */
		6B4A22B423982AB000A247B8 /* Resources */ = {
			isa = PBXResourcesBuildPhase;
			buildActionMask = 2147483647;
			files = (
			);
			runOnlyForDeploymentPostprocessing = 0;
		};
		6BD116DC2396C98C005F7A4E /* Resources */ = {
			isa = PBXResourcesBuildPhase;
			buildActionMask = 2147483647;
			files = (
				6B335C2C23980F5D0041FA37 /* Assets.xcassets in Resources */,
				6BD116EF2396C991005F7A4E /* LaunchScreen.storyboard in Resources */,
			);
			runOnlyForDeploymentPostprocessing = 0;
		};
/* End PBXResourcesBuildPhase section */

/* Begin PBXShellScriptBuildPhase section */
		0F98415FA4986AC4020D1747 /* [CP] Check Pods Manifest.lock */ = {
			isa = PBXShellScriptBuildPhase;
			buildActionMask = 2147483647;
			files = (
			);
			inputFileListPaths = (
			);
			inputPaths = (
				"${PODS_PODFILE_DIR_PATH}/Podfile.lock",
				"${PODS_ROOT}/Manifest.lock",
			);
			name = "[CP] Check Pods Manifest.lock";
			outputFileListPaths = (
			);
			outputPaths = (
				"$(DERIVED_FILE_DIR)/Pods-WiproTask-checkManifestLockResult.txt",
			);
			runOnlyForDeploymentPostprocessing = 0;
			shellPath = /bin/sh;
			shellScript = "diff \"${PODS_PODFILE_DIR_PATH}/Podfile.lock\" \"${PODS_ROOT}/Manifest.lock\" > /dev/null\nif [ $? != 0 ] ; then\n    # print error to STDERR\n    echo \"error: The sandbox is not in sync with the Podfile.lock. Run 'pod install' or update your CocoaPods installation.\" >&2\n    exit 1\nfi\n# This output is used by Xcode 'outputs' to avoid re-running this script phase.\necho \"SUCCESS\" > \"${SCRIPT_OUTPUT_FILE_0}\"\n";
			showEnvVarsInLog = 0;
		};
		2CF047A42E7FBC036AFDB04B /* [CP] Embed Pods Frameworks */ = {
			isa = PBXShellScriptBuildPhase;
			buildActionMask = 2147483647;
			files = (
			);
			inputFileListPaths = (
				"${PODS_ROOT}/Target Support Files/Pods-WiproTask/Pods-WiproTask-frameworks-${CONFIGURATION}-input-files.xcfilelist",
			);
			name = "[CP] Embed Pods Frameworks";
			outputFileListPaths = (
				"${PODS_ROOT}/Target Support Files/Pods-WiproTask/Pods-WiproTask-frameworks-${CONFIGURATION}-output-files.xcfilelist",
			);
			runOnlyForDeploymentPostprocessing = 0;
			shellPath = /bin/sh;
			shellScript = "\"${PODS_ROOT}/Target Support Files/Pods-WiproTask/Pods-WiproTask-frameworks.sh\"\n";
			showEnvVarsInLog = 0;
		};
/* End PBXShellScriptBuildPhase section */

/* Begin PBXSourcesBuildPhase section */
		6B4A22B223982AB000A247B8 /* Sources */ = {
			isa = PBXSourcesBuildPhase;
			buildActionMask = 2147483647;
			files = (
				6BFCCDF423995E6E006BA177 /* NetworkTests.swift in Sources */,
				6B4A22B923982AB000A247B8 /* WiproTaskTests.swift in Sources */,
			);
			runOnlyForDeploymentPostprocessing = 0;
		};
		6BD116DA2396C98C005F7A4E /* Sources */ = {
			isa = PBXSourcesBuildPhase;
			buildActionMask = 2147483647;
			files = (
				6B3FDB4323A940E200D31EC1 /* UIViewController+MBProgressHud.swift in Sources */,
				6BD1171C2396CBA7005F7A4E /* Constants.swift in Sources */,
				6BD1171E2396CD81005F7A4E /* Facts.swift in Sources */,
				6BD1171A2396CB31005F7A4E /* APIHelper.swift in Sources */,
				6B3FDB4023A9409800D31EC1 /* FactsRowsTableViewCellViewModel.swift in Sources */,
				6B4A22D623984B4800A247B8 /* NoDataAvaiableTableViewCell.swift in Sources */,
				6B3FDB4123A9409800D31EC1 /* FactsViewModel.swift in Sources */,
				6BD116E42396C98C005F7A4E /* FactsViewController.swift in Sources */,
				6BD116E22396C98C005F7A4E /* AppDelegate.swift in Sources */,
				6B4A22D22398455D00A247B8 /* Reachability.swift in Sources */,
				6BD117202396CE03005F7A4E /* UIViewController+Expentions.swift in Sources */,
				6BD117222396E3F3005F7A4E /* FactsRowsTableViewCell.swift in Sources */,
			);
			runOnlyForDeploymentPostprocessing = 0;
		};
/* End PBXSourcesBuildPhase section */

/* Begin PBXTargetDependency section */
		6B4A22BC23982AB000A247B8 /* PBXTargetDependency */ = {
			isa = PBXTargetDependency;
			target = 6BD116DD2396C98C005F7A4E /* WiproTask */;
			targetProxy = 6B4A22BB23982AB000A247B8 /* PBXContainerItemProxy */;
		};
/* End PBXTargetDependency section */

/* Begin PBXVariantGroup section */
		6BD116ED2396C991005F7A4E /* LaunchScreen.storyboard */ = {
			isa = PBXVariantGroup;
			children = (
				6BD116EE2396C991005F7A4E /* Base */,
			);
			name = LaunchScreen.storyboard;
			sourceTree = "<group>";
		};
/* End PBXVariantGroup section */

/* Begin XCBuildConfiguration section */
		6B4A22BD23982AB000A247B8 /* Debug */ = {
			isa = XCBuildConfiguration;
			buildSettings = {
				BUNDLE_LOADER = "$(TEST_HOST)";
				CODE_SIGN_STYLE = Automatic;
				DEVELOPMENT_TEAM = 978W5J2WK5;
				INFOPLIST_FILE = WiproTaskTests/Info.plist;
				LD_RUNPATH_SEARCH_PATHS = (
					"$(inherited)",
					"@executable_path/Frameworks",
					"@loader_path/Frameworks",
				);
				PRODUCT_BUNDLE_IDENTIFIER = com.AuprimeBlockChain.WiproTaskTests;
				PRODUCT_NAME = "$(TARGET_NAME)";
				SWIFT_VERSION = 5.0;
				TARGETED_DEVICE_FAMILY = "1,2";
				TEST_HOST = "$(BUILT_PRODUCTS_DIR)/WiproTask.app/WiproTask";
			};
			name = Debug;
		};
		6B4A22BE23982AB000A247B8 /* Release */ = {
			isa = XCBuildConfiguration;
			buildSettings = {
				BUNDLE_LOADER = "$(TEST_HOST)";
				CODE_SIGN_STYLE = Automatic;
				DEVELOPMENT_TEAM = 978W5J2WK5;
				INFOPLIST_FILE = WiproTaskTests/Info.plist;
				LD_RUNPATH_SEARCH_PATHS = (
					"$(inherited)",
					"@executable_path/Frameworks",
					"@loader_path/Frameworks",
				);
				PRODUCT_BUNDLE_IDENTIFIER = com.AuprimeBlockChain.WiproTaskTests;
				PRODUCT_NAME = "$(TARGET_NAME)";
				SWIFT_VERSION = 5.0;
				TARGETED_DEVICE_FAMILY = "1,2";
				TEST_HOST = "$(BUILT_PRODUCTS_DIR)/WiproTask.app/WiproTask";
			};
			name = Release;
		};
		6BD116F12396C991005F7A4E /* Debug */ = {
			isa = XCBuildConfiguration;
			buildSettings = {
				ALWAYS_SEARCH_USER_PATHS = NO;
				CLANG_ANALYZER_NONNULL = YES;
				CLANG_ANALYZER_NUMBER_OBJECT_CONVERSION = YES_AGGRESSIVE;
				CLANG_CXX_LANGUAGE_STANDARD = "gnu++14";
				CLANG_CXX_LIBRARY = "libc++";
				CLANG_ENABLE_MODULES = YES;
				CLANG_ENABLE_OBJC_ARC = YES;
				CLANG_ENABLE_OBJC_WEAK = YES;
				CLANG_WARN_BLOCK_CAPTURE_AUTORELEASING = YES;
				CLANG_WARN_BOOL_CONVERSION = YES;
				CLANG_WARN_COMMA = YES;
				CLANG_WARN_CONSTANT_CONVERSION = YES;
				CLANG_WARN_DEPRECATED_OBJC_IMPLEMENTATIONS = YES;
				CLANG_WARN_DIRECT_OBJC_ISA_USAGE = YES_ERROR;
				CLANG_WARN_DOCUMENTATION_COMMENTS = YES;
				CLANG_WARN_EMPTY_BODY = YES;
				CLANG_WARN_ENUM_CONVERSION = YES;
				CLANG_WARN_INFINITE_RECURSION = YES;
				CLANG_WARN_INT_CONVERSION = YES;
				CLANG_WARN_NON_LITERAL_NULL_CONVERSION = YES;
				CLANG_WARN_OBJC_IMPLICIT_RETAIN_SELF = YES;
				CLANG_WARN_OBJC_LITERAL_CONVERSION = YES;
				CLANG_WARN_OBJC_ROOT_CLASS = YES_ERROR;
				CLANG_WARN_RANGE_LOOP_ANALYSIS = YES;
				CLANG_WARN_STRICT_PROTOTYPES = YES;
				CLANG_WARN_SUSPICIOUS_MOVE = YES;
				CLANG_WARN_UNGUARDED_AVAILABILITY = YES_AGGRESSIVE;
				CLANG_WARN_UNREACHABLE_CODE = YES;
				CLANG_WARN__DUPLICATE_METHOD_MATCH = YES;
				CODE_SIGN_IDENTITY = "iPhone Developer";
				COPY_PHASE_STRIP = NO;
				DEBUG_INFORMATION_FORMAT = dwarf;
				ENABLE_STRICT_OBJC_MSGSEND = YES;
				ENABLE_TESTABILITY = YES;
				GCC_C_LANGUAGE_STANDARD = gnu11;
				GCC_DYNAMIC_NO_PIC = NO;
				GCC_NO_COMMON_BLOCKS = YES;
				GCC_OPTIMIZATION_LEVEL = 0;
				GCC_PREPROCESSOR_DEFINITIONS = (
					"DEBUG=1",
					"$(inherited)",
				);
				GCC_WARN_64_TO_32_BIT_CONVERSION = YES;
				GCC_WARN_ABOUT_RETURN_TYPE = YES_ERROR;
				GCC_WARN_UNDECLARED_SELECTOR = YES;
				GCC_WARN_UNINITIALIZED_AUTOS = YES_AGGRESSIVE;
				GCC_WARN_UNUSED_FUNCTION = YES;
				GCC_WARN_UNUSED_VARIABLE = YES;
				IPHONEOS_DEPLOYMENT_TARGET = 12.4;
				MTL_ENABLE_DEBUG_INFO = INCLUDE_SOURCE;
				MTL_FAST_MATH = YES;
				ONLY_ACTIVE_ARCH = YES;
				SDKROOT = iphoneos;
				SWIFT_ACTIVE_COMPILATION_CONDITIONS = DEBUG;
				SWIFT_OPTIMIZATION_LEVEL = "-Onone";
			};
			name = Debug;
		};
		6BD116F22396C991005F7A4E /* Release */ = {
			isa = XCBuildConfiguration;
			buildSettings = {
				ALWAYS_SEARCH_USER_PATHS = NO;
				CLANG_ANALYZER_NONNULL = YES;
				CLANG_ANALYZER_NUMBER_OBJECT_CONVERSION = YES_AGGRESSIVE;
				CLANG_CXX_LANGUAGE_STANDARD = "gnu++14";
				CLANG_CXX_LIBRARY = "libc++";
				CLANG_ENABLE_MODULES = YES;
				CLANG_ENABLE_OBJC_ARC = YES;
				CLANG_ENABLE_OBJC_WEAK = YES;
				CLANG_WARN_BLOCK_CAPTURE_AUTORELEASING = YES;
				CLANG_WARN_BOOL_CONVERSION = YES;
				CLANG_WARN_COMMA = YES;
				CLANG_WARN_CONSTANT_CONVERSION = YES;
				CLANG_WARN_DEPRECATED_OBJC_IMPLEMENTATIONS = YES;
				CLANG_WARN_DIRECT_OBJC_ISA_USAGE = YES_ERROR;
				CLANG_WARN_DOCUMENTATION_COMMENTS = YES;
				CLANG_WARN_EMPTY_BODY = YES;
				CLANG_WARN_ENUM_CONVERSION = YES;
				CLANG_WARN_INFINITE_RECURSION = YES;
				CLANG_WARN_INT_CONVERSION = YES;
				CLANG_WARN_NON_LITERAL_NULL_CONVERSION = YES;
				CLANG_WARN_OBJC_IMPLICIT_RETAIN_SELF = YES;
				CLANG_WARN_OBJC_LITERAL_CONVERSION = YES;
				CLANG_WARN_OBJC_ROOT_CLASS = YES_ERROR;
				CLANG_WARN_RANGE_LOOP_ANALYSIS = YES;
				CLANG_WARN_STRICT_PROTOTYPES = YES;
				CLANG_WARN_SUSPICIOUS_MOVE = YES;
				CLANG_WARN_UNGUARDED_AVAILABILITY = YES_AGGRESSIVE;
				CLANG_WARN_UNREACHABLE_CODE = YES;
				CLANG_WARN__DUPLICATE_METHOD_MATCH = YES;
				CODE_SIGN_IDENTITY = "iPhone Developer";
				COPY_PHASE_STRIP = NO;
				DEBUG_INFORMATION_FORMAT = "dwarf-with-dsym";
				ENABLE_NS_ASSERTIONS = NO;
				ENABLE_STRICT_OBJC_MSGSEND = YES;
				GCC_C_LANGUAGE_STANDARD = gnu11;
				GCC_NO_COMMON_BLOCKS = YES;
				GCC_WARN_64_TO_32_BIT_CONVERSION = YES;
				GCC_WARN_ABOUT_RETURN_TYPE = YES_ERROR;
				GCC_WARN_UNDECLARED_SELECTOR = YES;
				GCC_WARN_UNINITIALIZED_AUTOS = YES_AGGRESSIVE;
				GCC_WARN_UNUSED_FUNCTION = YES;
				GCC_WARN_UNUSED_VARIABLE = YES;
				IPHONEOS_DEPLOYMENT_TARGET = 12.4;
				MTL_ENABLE_DEBUG_INFO = NO;
				MTL_FAST_MATH = YES;
				SDKROOT = iphoneos;
				SWIFT_COMPILATION_MODE = wholemodule;
				SWIFT_OPTIMIZATION_LEVEL = "-O";
				VALIDATE_PRODUCT = YES;
			};
			name = Release;
		};
		6BD116F42396C991005F7A4E /* Debug */ = {
			isa = XCBuildConfiguration;
			baseConfigurationReference = D9900E85CAD890FAC18FA63C /* Pods-WiproTask.debug.xcconfig */;
			buildSettings = {
				ASSETCATALOG_COMPILER_APPICON_NAME = AppIcon;
				CODE_SIGN_STYLE = Automatic;
				DEVELOPMENT_TEAM = 978W5J2WK5;
				INFOPLIST_FILE = WiproTask/Info.plist;
				IPHONEOS_DEPLOYMENT_TARGET = 11;
				LD_RUNPATH_SEARCH_PATHS = (
					"$(inherited)",
					"@executable_path/Frameworks",
				);
				PRODUCT_BUNDLE_IDENTIFIER = com.AuprimeBlockChain.;
				PRODUCT_NAME = "$(TARGET_NAME)";
				SWIFT_VERSION = 5.0;
				TARGETED_DEVICE_FAMILY = "1,2";
			};
			name = Debug;
		};
		6BD116F52396C991005F7A4E /* Release */ = {
			isa = XCBuildConfiguration;
			baseConfigurationReference = 5B1A5BB9CAD9D35F5BC6D674 /* Pods-WiproTask.release.xcconfig */;
			buildSettings = {
				ASSETCATALOG_COMPILER_APPICON_NAME = AppIcon;
				CODE_SIGN_STYLE = Automatic;
				DEVELOPMENT_TEAM = 978W5J2WK5;
				INFOPLIST_FILE = WiproTask/Info.plist;
				IPHONEOS_DEPLOYMENT_TARGET = 11;
				LD_RUNPATH_SEARCH_PATHS = (
					"$(inherited)",
					"@executable_path/Frameworks",
				);
				PRODUCT_BUNDLE_IDENTIFIER = com.AuprimeBlockChain.;
				PRODUCT_NAME = "$(TARGET_NAME)";
				SWIFT_VERSION = 5.0;
				TARGETED_DEVICE_FAMILY = "1,2";
			};
			name = Release;
		};
/* End XCBuildConfiguration section */

/* Begin XCConfigurationList section */
		6B4A22BF23982AB000A247B8 /* Build configuration list for PBXNativeTarget "WiproTaskTests" */ = {
			isa = XCConfigurationList;
			buildConfigurations = (
				6B4A22BD23982AB000A247B8 /* Debug */,
				6B4A22BE23982AB000A247B8 /* Release */,
			);
			defaultConfigurationIsVisible = 0;
			defaultConfigurationName = Release;
		};
		6BD116D92396C98C005F7A4E /* Build configuration list for PBXProject "WiproTask" */ = {
			isa = XCConfigurationList;
			buildConfigurations = (
				6BD116F12396C991005F7A4E /* Debug */,
				6BD116F22396C991005F7A4E /* Release */,
			);
			defaultConfigurationIsVisible = 0;
			defaultConfigurationName = Release;
		};
		6BD116F32396C991005F7A4E /* Build configuration list for PBXNativeTarget "WiproTask" */ = {
			isa = XCConfigurationList;
			buildConfigurations = (
				6BD116F42396C991005F7A4E /* Debug */,
				6BD116F52396C991005F7A4E /* Release */,
			);
			defaultConfigurationIsVisible = 0;
			defaultConfigurationName = Release;
		};
/* End XCConfigurationList section */
	};
	rootObject = 6BD116D62396C98C005F7A4E /* Project object */;
}
